
Microsoft Visual Studio Solution File, Format Version 12.00
# Visual Studio 15
VisualStudioVersion = 15.0.28010.2003
MinimumVisualStudioVersion = 10.0.40219.1
Project("{FAE04EC0-301F-11D3-BF4B-00C04F79EFBC}") = "MTP_Notes", "MTP_Notes\MTP_Notes.csproj", "{BDD33B3E-516F-4606-ACC7-21A3EE3EC48E}"
EndProject
Global
	GlobalSection(SolutionConfigurationPlatforms) = preSolution
		Debug|Any CPU = Debug|Any CPU
		Release|Any CPU = Release|Any CPU
	EndGlobalSection
	GlobalSection(ProjectConfigurationPlatforms) = postSolution
		{BDD33B3E-516F-4606-ACC7-21A3EE3EC48E}.Debug|Any CPU.ActiveCfg = Debug|Any CPU
		{BDD33B3E-516F-4606-ACC7-21A3EE3EC48E}.Debug|Any CPU.Build.0 = Debug|Any CPU
		{BDD33B3E-516F-4606-ACC7-21A3EE3EC48E}.Release|Any CPU.ActiveCfg = Release|Any CPU
		{BDD33B3E-516F-4606-ACC7-21A3EE3EC48E}.Release|Any CPU.Build.0 = Release|Any CPU
	EndGlobalSection
	GlobalSection(SolutionProperties) = preSolution
		HideSolutionNode = FALSE
	EndGlobalSection
	GlobalSection(ExtensibilityGlobals) = postSolution
		SolutionGuid = {EF7A321C-E434-4650-9C4D-0F78D7C6AEF7}
	EndGlobalSection
EndGlobal
